
Microsoft Visual Studio Solution File, Format Version 12.00
Project("{FAE04EC0-301F-11D3-BF4B-00C04F79EFBC}") = "SweeftAssignment", "SweeftAssignment\SweeftAssignment.csproj", "{E029CD83-9481-4CDD-8886-D18991E3C6B7}"
EndProject
Project("{2150E333-8FDC-42A3-9474-1A3956D46DE8}") = "Solution Items", "Solution Items", "{A751415F-33CC-40E1-84F0-8F05DD3408C3}"
	ProjectSection(SolutionItems) = preProject
		.gitignore = .gitignore
		docker-compose.yaml = docker-compose.yaml
	EndProjectSection
EndProject
Project("{FAE04EC0-301F-11D3-BF4B-00C04F79EFBC}") = "Task_9", "Task_9\Task_9.csproj", "{BFB711A4-DD95-4965-B728-A66EA1BD8F48}"
EndProject
Global
	GlobalSection(SolutionConfigurationPlatforms) = preSolution
		Debug|Any CPU = Debug|Any CPU
		Release|Any CPU = Release|Any CPU
	EndGlobalSection
	GlobalSection(ProjectConfigurationPlatforms) = postSolution
		{E029CD83-9481-4CDD-8886-D18991E3C6B7}.Debug|Any CPU.ActiveCfg = Debug|Any CPU
		{E029CD83-9481-4CDD-8886-D18991E3C6B7}.Debug|Any CPU.Build.0 = Debug|Any CPU
		{E029CD83-9481-4CDD-8886-D18991E3C6B7}.Release|Any CPU.ActiveCfg = Release|Any CPU
		{E029CD83-9481-4CDD-8886-D18991E3C6B7}.Release|Any CPU.Build.0 = Release|Any CPU
		{BFB711A4-DD95-4965-B728-A66EA1BD8F48}.Debug|Any CPU.ActiveCfg = Debug|Any CPU
		{BFB711A4-DD95-4965-B728-A66EA1BD8F48}.Debug|Any CPU.Build.0 = Debug|Any CPU
		{BFB711A4-DD95-4965-B728-A66EA1BD8F48}.Release|Any CPU.ActiveCfg = Release|Any CPU
		{BFB711A4-DD95-4965-B728-A66EA1BD8F48}.Release|Any CPU.Build.0 = Release|Any CPU
	EndGlobalSection
EndGlobal
